
Microsoft Visual Studio Solution File, Format Version 12.00
# Visual Studio Version 16
VisualStudioVersion = 16.0.30002.166
MinimumVisualStudioVersion = 10.0.40219.1
Project("{FAE04EC0-301F-11D3-BF4B-00C04F79EFBC}") = "MVC_CSharp", "MVC_CSharp\MVC_CSharp.csproj", "{1BB5C184-198A-40D2-807C-CFAB49D16312}"
EndProject
Global
	GlobalSection(SolutionConfigurationPlatforms) = preSolution
		Debug|Any CPU = Debug|Any CPU
		Release|Any CPU = Release|Any CPU
	EndGlobalSection
	GlobalSection(ProjectConfigurationPlatforms) = postSolution
		{1BB5C184-198A-40D2-807C-CFAB49D16312}.Debug|Any CPU.ActiveCfg = Debug|Any CPU
		{1BB5C184-198A-40D2-807C-CFAB49D16312}.Debug|Any CPU.Build.0 = Debug|Any CPU
		{1BB5C184-198A-40D2-807C-CFAB49D16312}.Release|Any CPU.ActiveCfg = Release|Any CPU
		{1BB5C184-198A-40D2-807C-CFAB49D16312}.Release|Any CPU.Build.0 = Release|Any CPU
	EndGlobalSection
	GlobalSection(SolutionProperties) = preSolution
		HideSolutionNode = FALSE
	EndGlobalSection
	GlobalSection(ExtensibilityGlobals) = postSolution
		SolutionGuid = {F9FF7B14-C9AB-454E-99D7-40399F3C6B71}
	EndGlobalSection
EndGlobal
